PODS:
  - Masonry (1.1.0)
  - MJRefresh (3.1.15.6)

DEPENDENCIES:
  - Masonry
  - MJRefresh

SPEC REPOS:
  https://github.com/cocoapods/specs.git:
    - Masonry
    - MJRefresh

SPEC CHECKSUMS:
  Masonry: 678fab65091a9290e40e2832a55e7ab731aad201
  MJRefresh: 0efa19656679d70a0f47cbe76e56c2271fe53a97

PODFILE CHECKSUM: 187fcf27e280d49389108ac1050f6959eece2238

COCOAPODS: 1.5.3
